
Microsoft Visual Studio Solution File, Format Version 12.00
# Visual Studio Version 16
VisualStudioVersion = 16.0.31025.194
MinimumVisualStudioVersion = 10.0.40219.1
Project("{FAE04EC0-301F-11D3-BF4B-00C04F79EFBC}") = "Hello World Gruppe J", "Hello World Gruppe J\Hello World Gruppe J.csproj", "{691C72A8-057D-4232-BB90-E89062523710}"
EndProject
Global
	GlobalSection(SolutionConfigurationPlatforms) = preSolution
		Debug|Any CPU = Debug|Any CPU
		Release|Any CPU = Release|Any CPU
	EndGlobalSection
	GlobalSection(ProjectConfigurationPlatforms) = postSolution
		{691C72A8-057D-4232-BB90-E89062523710}.Debug|Any CPU.ActiveCfg = Debug|Any CPU
		{691C72A8-057D-4232-BB90-E89062523710}.Debug|Any CPU.Build.0 = Debug|Any CPU
		{691C72A8-057D-4232-BB90-E89062523710}.Release|Any CPU.ActiveCfg = Release|Any CPU
		{691C72A8-057D-4232-BB90-E89062523710}.Release|Any CPU.Build.0 = Release|Any CPU
	EndGlobalSection
	GlobalSection(SolutionProperties) = preSolution
		HideSolutionNode = FALSE
	EndGlobalSection
	GlobalSection(ExtensibilityGlobals) = postSolution
		SolutionGuid = {935149B6-983C-408B-AE67-4301C400FDB5}
	EndGlobalSection
EndGlobal
